
Microsoft Visual Studio Solution File, Format Version 12.00
# Visual Studio Version 17
VisualStudioVersion = 17.5.33516.290
MinimumVisualStudioVersion = 10.0.40219.1
Project("{FAE04EC0-301F-11D3-BF4B-00C04F79EFBC}") = "e-movies", "e-movies\e-movies.csproj", "{6CBBE63D-19AE-4601-94C5-7CB6F1128D79}"
EndProject
Global
	GlobalSection(SolutionConfigurationPlatforms) = preSolution
		Debug|Any CPU = Debug|Any CPU
		Release|Any CPU = Release|Any CPU
	EndGlobalSection
	GlobalSection(ProjectConfigurationPlatforms) = postSolution
		{6CBBE63D-19AE-4601-94C5-7CB6F1128D79}.Debug|Any CPU.ActiveCfg = Debug|Any CPU
		{6CBBE63D-19AE-4601-94C5-7CB6F1128D79}.Debug|Any CPU.Build.0 = Debug|Any CPU
		{6CBBE63D-19AE-4601-94C5-7CB6F1128D79}.Release|Any CPU.ActiveCfg = Release|Any CPU
		{6CBBE63D-19AE-4601-94C5-7CB6F1128D79}.Release|Any CPU.Build.0 = Release|Any CPU
	EndGlobalSection
	GlobalSection(SolutionProperties) = preSolution
		HideSolutionNode = FALSE
	EndGlobalSection
	GlobalSection(ExtensibilityGlobals) = postSolution
		SolutionGuid = {D0CDC010-F475-4A91-8D2A-919AE76B637A}
	EndGlobalSection
EndGlobal
